// !$*UTF8*$!
{
	archiveVersion = 1;
	classes = {
	};
	objectVersion = 46;
	objects = {

/* Begin PBXBuildFile section */
		296C96EB1C4A33BA0031381A /* Map.cpp in Sources */ = {isa = PBXBuildFile; fileRef = 296C96EA1C4A33BA0031381A /* Map.cpp */; };
		29A9D6981C4B1CFB001B0717 /* testWeightMap.cpp in Sources */ = {isa = PBXBuildFile; fileRef = 29A9D6961C4B1CFB001B0717 /* testWeightMap.cpp */; };
		29A9D69B1C4B1D14001B0717 /* WeightMap.cpp in Sources */ = {isa = PBXBuildFile; fileRef = 29A9D6991C4B1D14001B0717 /* WeightMap.cpp */; };
		29A9D6B11C4B54A2001B0717 /* testMap.cpp in Sources */ = {isa = PBXBuildFile; fileRef = 29A9D6AF1C4B54A2001B0717 /* testMap.cpp */; };
		29A9D6B41C4B54D1001B0717 /* newMap.cpp in Sources */ = {isa = PBXBuildFile; fileRef = 29A9D6B21C4B54D1001B0717 /* newMap.cpp */; };
		29A9D6B71C4B54E9001B0717 /* testnewMap.cpp in Sources */ = {isa = PBXBuildFile; fileRef = 29A9D6B51C4B54E9001B0717 /* testnewMap.cpp */; };
/* End PBXBuildFile section */

/* Begin PBXCopyFilesBuildPhase section */
		296C96E51C4A33BA0031381A /* CopyFiles */ = {
			isa = PBXCopyFilesBuildPhase;
			buildActionMask = 2147483647;
			dstPath = /usr/share/man/man1/;
			dstSubfolderSpec = 0;
			files = (
			);
			runOnlyForDeploymentPostprocessing = 1;
		};
/* End PBXCopyFilesBuildPhase section */

/* Begin PBXFileReference section */
		296C96E71C4A33BA0031381A /* homework1 */ = {isa = PBXFileReference; explicitFileType = "compiled.mach-o.executable"; includeInIndex = 0; path = homework1; sourceTree = BUILT_PRODUCTS_DIR; };
		296C96EA1C4A33BA0031381A /* Map.cpp */ = {isa = PBXFileReference; lastKnownFileType = sourcecode.cpp.cpp; path = Map.cpp; sourceTree = "<group>"; };
		296C96F11C4A381D0031381A /* Map.h */ = {isa = PBXFileReference; lastKnownFileType = sourcecode.c.h; path = Map.h; sourceTree = "<group>"; };
		29A9D6961C4B1CFB001B0717 /* testWeightMap.cpp */ = {isa = PBXFileReference; fileEncoding = 4; lastKnownFileType = sourcecode.cpp.cpp; path = testWeightMap.cpp; sourceTree = "<group>"; };
		29A9D6991C4B1D14001B0717 /* WeightMap.cpp */ = {isa = PBXFileReference; fileEncoding = 4; lastKnownFileType = sourcecode.cpp.cpp; path = WeightMap.cpp; sourceTree = "<group>"; };
		29A9D69A1C4B1D14001B0717 /* WeightMap.h */ = {isa = PBXFileReference; fileEncoding = 4; lastKnownFileType = sourcecode.c.h; path = WeightMap.h; sourceTree = "<group>"; };
		29A9D6AF1C4B54A2001B0717 /* testMap.cpp */ = {isa = PBXFileReference; fileEncoding = 4; lastKnownFileType = sourcecode.cpp.cpp; path = testMap.cpp; sourceTree = "<group>"; };
		29A9D6B21C4B54D1001B0717 /* newMap.cpp */ = {isa = PBXFileReference; fileEncoding = 4; lastKnownFileType = sourcecode.cpp.cpp; path = newMap.cpp; sourceTree = "<group>"; };
		29A9D6B31C4B54D1001B0717 /* newMap.h */ = {isa = PBXFileReference; fileEncoding = 4; lastKnownFileType = sourcecode.c.h; path = newMap.h; sourceTree = "<group>"; };
		29A9D6B51C4B54E9001B0717 /* testnewMap.cpp */ = {isa = PBXFileReference; fileEncoding = 4; lastKnownFileType = sourcecode.cpp.cpp; path = testnewMap.cpp; sourceTree = "<group>"; };
/* End PBXFileReference section */

/* Begin PBXFrameworksBuildPhase section */
		296C96E41C4A33BA0031381A /* Frameworks */ = {
			isa = PBXFrameworksBuildPhase;
			buildActionMask = 2147483647;
			files = (
			);
			runOnlyForDeploymentPostprocessing = 0;
		};
/* End PBXFrameworksBuildPhase section */

/* Begin PBXGroup section */
		296C96DE1C4A33BA0031381A = {
			isa = PBXGroup;
			children = (
				296C96E91C4A33BA0031381A /* homework1 */,
				296C96E81C4A33BA0031381A /* Products */,
			);
			sourceTree = "<group>";
		};
		296C96E81C4A33BA0031381A /* Products */ = {
			isa = PBXGroup;
			children = (
				296C96E71C4A33BA0031381A /* homework1 */,
			);
			name = Products;
			sourceTree = "<group>";
		};
		296C96E91C4A33BA0031381A /* homework1 */ = {
			isa = PBXGroup;
			children = (
				296C96F11C4A381D0031381A /* Map.h */,
				296C96EA1C4A33BA0031381A /* Map.cpp */,
				29A9D6AF1C4B54A2001B0717 /* testMap.cpp */,
				29A9D69A1C4B1D14001B0717 /* WeightMap.h */,
				29A9D6991C4B1D14001B0717 /* WeightMap.cpp */,
				29A9D6961C4B1CFB001B0717 /* testWeightMap.cpp */,
				29A9D6B31C4B54D1001B0717 /* newMap.h */,
				29A9D6B21C4B54D1001B0717 /* newMap.cpp */,
				29A9D6B51C4B54E9001B0717 /* testnewMap.cpp */,
			);
			path = homework1;
			sourceTree = "<group>";
		};
/* End PBXGroup section */

/* Begin PBXNativeTarget section */
		296C96E61C4A33BA0031381A /* homework1 */ = {
			isa = PBXNativeTarget;
			buildConfigurationList = 296C96EE1C4A33BA0031381A /* Build configuration list for PBXNativeTarget "homework1" */;
			buildPhases = (
				296C96E31C4A33BA0031381A /* Sources */,
				296C96E41C4A33BA0031381A /* Frameworks */,
				296C96E51C4A33BA0031381A /* CopyFiles */,
			);
			buildRules = (
			);
			dependencies = (
			);
			name = homework1;
			productName = homework1;
			productReference = 296C96E71C4A33BA0031381A /* homework1 */;
			productType = "com.apple.product-type.tool";
		};
/* End PBXNativeTarget section */

/* Begin PBXProject section */
		296C96DF1C4A33BA0031381A /* Project object */ = {
			isa = PBXProject;
			attributes = {
				LastUpgradeCheck = 0710;
				ORGANIZATIONNAME = yywan;
				TargetAttributes = {
					296C96E61C4A33BA0031381A = {
						CreatedOnToolsVersion = 7.1.1;
					};
				};
			};
			buildConfigurationList = 296C96E21C4A33BA0031381A /* Build configuration list for PBXProject "homework1" */;
			compatibilityVersion = "Xcode 3.2";
			developmentRegion = English;
			hasScannedForEncodings = 0;
			knownRegions = (
				en,
			);
			mainGroup = 296C96DE1C4A33BA0031381A;
			productRefGroup = 296C96E81C4A33BA0031381A /* Products */;
			projectDirPath = "";
			projectRoot = "";
			targets = (
				296C96E61C4A33BA0031381A /* homework1 */,
			);
		};
/* End PBXProject section */

/* Begin PBXSourcesBuildPhase section */
		296C96E31C4A33BA0031381A /* Sources */ = {
			isa = PBXSourcesBuildPhase;
			buildActionMask = 2147483647;
			files = (
				29A9D6B41C4B54D1001B0717 /* newMap.cpp in Sources */,
				29A9D6981C4B1CFB001B0717 /* testWeightMap.cpp in Sources */,
				296C96EB1C4A33BA0031381A /* Map.cpp in Sources */,
				29A9D6B71C4B54E9001B0717 /* testnewMap.cpp in Sources */,
				29A9D6B11C4B54A2001B0717 /* testMap.cpp in Sources */,
				29A9D69B1C4B1D14001B0717 /* WeightMap.cpp in Sources */,
			);
			runOnlyForDeploymentPostprocessing = 0;
		};
/* End PBXSourcesBuildPhase section */

/* Begin XCBuildConfiguration section */
		296C96EC1C4A33BA0031381A /* Debug */ = {
			isa = XCBuildConfiguration;
			buildSettings = {
				ALWAYS_SEARCH_USER_PATHS = NO;
				CLANG_CXX_LANGUAGE_STANDARD = "gnu++0x";
				CLANG_CXX_LIBRARY = "libc++";
				CLANG_ENABLE_MODULES = YES;
				CLANG_ENABLE_OBJC_ARC = YES;
				CLANG_WARN_BOOL_CONVERSION = YES;
				CLANG_WARN_CONSTANT_CONVERSION = YES;
				CLANG_WARN_DIRECT_OBJC_ISA_USAGE = YES_ERROR;
				CLANG_WARN_EMPTY_BODY = YES;
				CLANG_WARN_ENUM_CONVERSION = YES;
				CLANG_WARN_INT_CONVERSION = YES;
				CLANG_WARN_OBJC_ROOT_CLASS = YES_ERROR;
				CLANG_WARN_UNREACHABLE_CODE = YES;
				CLANG_WARN__DUPLICATE_METHOD_MATCH = YES;
				CODE_SIGN_IDENTITY = "-";
				COPY_PHASE_STRIP = NO;
				DEBUG_INFORMATION_FORMAT = dwarf;
				ENABLE_STRICT_OBJC_MSGSEND = YES;
				ENABLE_TESTABILITY = YES;
				GCC_C_LANGUAGE_STANDARD = gnu99;
				GCC_DYNAMIC_NO_PIC = NO;
				GCC_NO_COMMON_BLOCKS = YES;
				GCC_OPTIMIZATION_LEVEL = 0;
				GCC_PREPROCESSOR_DEFINITIONS = (
					"DEBUG=1",
					"$(inherited)",
				);
				GCC_WARN_64_TO_32_BIT_CONVERSION = YES;
				GCC_WARN_ABOUT_RETURN_TYPE = YES_ERROR;
				GCC_WARN_UNDECLARED_SELECTOR = YES;
				GCC_WARN_UNINITIALIZED_AUTOS = YES_AGGRESSIVE;
				GCC_WARN_UNUSED_FUNCTION = YES;
				GCC_WARN_UNUSED_VARIABLE = YES;
				MACOSX_DEPLOYMENT_TARGET = 10.11;
				MTL_ENABLE_DEBUG_INFO = YES;
				ONLY_ACTIVE_ARCH = YES;
				SDKROOT = macosx;
			};
			name = Debug;
		};
		296C96ED1C4A33BA0031381A /* Release */ = {
			isa = XCBuildConfiguration;
			buildSettings = {
				ALWAYS_SEARCH_USER_PATHS = NO;
				CLANG_CXX_LANGUAGE_STANDARD = "gnu++0x";
				CLANG_CXX_LIBRARY = "libc++";
				CLANG_ENABLE_MODULES = YES;
				CLANG_ENABLE_OBJC_ARC = YES;
				CLANG_WARN_BOOL_CONVERSION = YES;
				CLANG_WARN_CONSTANT_CONVERSION = YES;
				CLANG_WARN_DIRECT_OBJC_ISA_USAGE = YES_ERROR;
				CLANG_WARN_EMPTY_BODY = YES;
				CLANG_WARN_ENUM_CONVERSION = YES;
				CLANG_WARN_INT_CONVERSION = YES;
				CLANG_WARN_OBJC_ROOT_CLASS = YES_ERROR;
				CLANG_WARN_UNREACHABLE_CODE = YES;
				CLANG_WARN__DUPLICATE_METHOD_MATCH = YES;
				CODE_SIGN_IDENTITY = "-";
				COPY_PHASE_STRIP = NO;
				DEBUG_INFORMATION_FORMAT = "dwarf-with-dsym";
				ENABLE_NS_ASSERTIONS = NO;
				ENABLE_STRICT_OBJC_MSGSEND = YES;
				GCC_C_LANGUAGE_STANDARD = gnu99;
				GCC_NO_COMMON_BLOCKS = YES;
				GCC_WARN_64_TO_32_BIT_CONVERSION = YES;
				GCC_WARN_ABOUT_RETURN_TYPE = YES_ERROR;
				GCC_WARN_UNDECLARED_SELECTOR = YES;
				GCC_WARN_UNINITIALIZED_AUTOS = YES_AGGRESSIVE;
				GCC_WARN_UNUSED_FUNCTION = YES;
				GCC_WARN_UNUSED_VARIABLE = YES;
				MACOSX_DEPLOYMENT_TARGET = 10.11;
				MTL_ENABLE_DEBUG_INFO = NO;
				SDKROOT = macosx;
			};
			name = Release;
		};
		296C96EF1C4A33BA0031381A /* Debug */ = {
			isa = XCBuildConfiguration;
			buildSettings = {
				PRODUCT_NAME = "$(TARGET_NAME)";
			};
			name = Debug;
		};
		296C96F01C4A33BA0031381A /* Release */ = {
			isa = XCBuildConfiguration;
			buildSettings = {
				PRODUCT_NAME = "$(TARGET_NAME)";
			};
			name = Release;
		};
/* End XCBuildConfiguration section */

/* Begin XCConfigurationList section */
		296C96E21C4A33BA0031381A /* Build configuration list for PBXProject "homework1" */ = {
			isa = XCConfigurationList;
			buildConfigurations = (
				296C96EC1C4A33BA0031381A /* Debug */,
				296C96ED1C4A33BA0031381A /* Release */,
			);
			defaultConfigurationIsVisible = 0;
			defaultConfigurationName = Release;
		};
		296C96EE1C4A33BA0031381A /* Build configuration list for PBXNativeTarget "homework1" */ = {
			isa = XCConfigurationList;
			buildConfigurations = (
				296C96EF1C4A33BA0031381A /* Debug */,
				296C96F01C4A33BA0031381A /* Release */,
			);
			defaultConfigurationIsVisible = 0;
			defaultConfigurationName = Release;
		};
/* End XCConfigurationList section */
	};
	rootObject = 296C96DF1C4A33BA0031381A /* Project object */;
}
