// !$*UTF8*$!
{
	archiveVersion = 1;
	classes = {
	};
	objectVersion = 46;
	objects = {

/* Begin PBXBuildFile section */
		291CB3B41C0ABF42004A1B7F /* robots.cpp in Sources */ = {isa = PBXBuildFile; fileRef = 291CB3B31C0ABF42004A1B7F /* robots.cpp */; };
/* End PBXBuildFile section */

/* Begin PBXCopyFilesBuildPhase section */
		291CB3AE1C0ABF42004A1B7F /* CopyFiles */ = {
			isa = PBXCopyFilesBuildPhase;
			buildActionMask = 2147483647;
			dstPath = /usr/share/man/man1/;
			dstSubfolderSpec = 0;
			files = (
			);
			runOnlyForDeploymentPostprocessing = 1;
		};
/* End PBXCopyFilesBuildPhase section */

/* Begin PBXFileReference section */
		291CB3B01C0ABF42004A1B7F /* project7 */ = {isa = PBXFileReference; explicitFileType = "compiled.mach-o.executable"; includeInIndex = 0; path = project7; sourceTree = BUILT_PRODUCTS_DIR; };
		291CB3B31C0ABF42004A1B7F /* robots.cpp */ = {isa = PBXFileReference; lastKnownFileType = sourcecode.cpp.cpp; path = robots.cpp; sourceTree = "<group>"; };
/* End PBXFileReference section */

/* Begin PBXFrameworksBuildPhase section */
		291CB3AD1C0ABF42004A1B7F /* Frameworks */ = {
			isa = PBXFrameworksBuildPhase;
			buildActionMask = 2147483647;
			files = (
			);
			runOnlyForDeploymentPostprocessing = 0;
		};
/* End PBXFrameworksBuildPhase section */

/* Begin PBXGroup section */
		291CB3A71C0ABF42004A1B7F = {
			isa = PBXGroup;
			children = (
				291CB3B21C0ABF42004A1B7F /* project7 */,
				291CB3B11C0ABF42004A1B7F /* Products */,
			);
			sourceTree = "<group>";
		};
		291CB3B11C0ABF42004A1B7F /* Products */ = {
			isa = PBXGroup;
			children = (
				291CB3B01C0ABF42004A1B7F /* project7 */,
			);
			name = Products;
			sourceTree = "<group>";
		};
		291CB3B21C0ABF42004A1B7F /* project7 */ = {
			isa = PBXGroup;
			children = (
				291CB3B31C0ABF42004A1B7F /* robots.cpp */,
			);
			path = project7;
			sourceTree = "<group>";
		};
/* End PBXGroup section */

/* Begin PBXNativeTarget section */
		291CB3AF1C0ABF42004A1B7F /* project7 */ = {
			isa = PBXNativeTarget;
			buildConfigurationList = 291CB3B71C0ABF42004A1B7F /* Build configuration list for PBXNativeTarget "project7" */;
			buildPhases = (
				291CB3AC1C0ABF42004A1B7F /* Sources */,
				291CB3AD1C0ABF42004A1B7F /* Frameworks */,
				291CB3AE1C0ABF42004A1B7F /* CopyFiles */,
			);
			buildRules = (
			);
			dependencies = (
			);
			name = project7;
			productName = project7;
			productReference = 291CB3B01C0ABF42004A1B7F /* project7 */;
			productType = "com.apple.product-type.tool";
		};
/* End PBXNativeTarget section */

/* Begin PBXProject section */
		291CB3A81C0ABF42004A1B7F /* Project object */ = {
			isa = PBXProject;
			attributes = {
				LastUpgradeCheck = 0710;
				ORGANIZATIONNAME = yywan;
				TargetAttributes = {
					291CB3AF1C0ABF42004A1B7F = {
						CreatedOnToolsVersion = 7.1.1;
					};
				};
			};
			buildConfigurationList = 291CB3AB1C0ABF42004A1B7F /* Build configuration list for PBXProject "project7" */;
			compatibilityVersion = "Xcode 3.2";
			developmentRegion = English;
			hasScannedForEncodings = 0;
			knownRegions = (
				en,
			);
			mainGroup = 291CB3A71C0ABF42004A1B7F;
			productRefGroup = 291CB3B11C0ABF42004A1B7F /* Products */;
			projectDirPath = "";
			projectRoot = "";
			targets = (
				291CB3AF1C0ABF42004A1B7F /* project7 */,
			);
		};
/* End PBXProject section */

/* Begin PBXSourcesBuildPhase section */
		291CB3AC1C0ABF42004A1B7F /* Sources */ = {
			isa = PBXSourcesBuildPhase;
			buildActionMask = 2147483647;
			files = (
				291CB3B41C0ABF42004A1B7F /* robots.cpp in Sources */,
			);
			runOnlyForDeploymentPostprocessing = 0;
		};
/* End PBXSourcesBuildPhase section */

/* Begin XCBuildConfiguration section */
		291CB3B51C0ABF42004A1B7F /* Debug */ = {
			isa = XCBuildConfiguration;
			buildSettings = {
				ALWAYS_SEARCH_USER_PATHS = NO;
				CLANG_CXX_LANGUAGE_STANDARD = "gnu++0x";
				CLANG_CXX_LIBRARY = "libc++";
				CLANG_ENABLE_MODULES = YES;
				CLANG_ENABLE_OBJC_ARC = YES;
				CLANG_WARN_BOOL_CONVERSION = YES;
				CLANG_WARN_CONSTANT_CONVERSION = YES;
				CLANG_WARN_DIRECT_OBJC_ISA_USAGE = YES_ERROR;
				CLANG_WARN_EMPTY_BODY = YES;
				CLANG_WARN_ENUM_CONVERSION = YES;
				CLANG_WARN_INT_CONVERSION = YES;
				CLANG_WARN_OBJC_ROOT_CLASS = YES_ERROR;
				CLANG_WARN_UNREACHABLE_CODE = YES;
				CLANG_WARN__DUPLICATE_METHOD_MATCH = YES;
				CODE_SIGN_IDENTITY = "-";
				COPY_PHASE_STRIP = NO;
				DEBUG_INFORMATION_FORMAT = dwarf;
				ENABLE_STRICT_OBJC_MSGSEND = YES;
				ENABLE_TESTABILITY = YES;
				GCC_C_LANGUAGE_STANDARD = gnu99;
				GCC_DYNAMIC_NO_PIC = NO;
				GCC_NO_COMMON_BLOCKS = YES;
				GCC_OPTIMIZATION_LEVEL = 0;
				GCC_PREPROCESSOR_DEFINITIONS = (
					"DEBUG=1",
					"$(inherited)",
				);
				GCC_WARN_64_TO_32_BIT_CONVERSION = YES;
				GCC_WARN_ABOUT_RETURN_TYPE = YES_ERROR;
				GCC_WARN_UNDECLARED_SELECTOR = YES;
				GCC_WARN_UNINITIALIZED_AUTOS = YES_AGGRESSIVE;
				GCC_WARN_UNUSED_FUNCTION = YES;
				GCC_WARN_UNUSED_VARIABLE = YES;
				MACOSX_DEPLOYMENT_TARGET = 10.11;
				MTL_ENABLE_DEBUG_INFO = YES;
				ONLY_ACTIVE_ARCH = YES;
				SDKROOT = macosx;
			};
			name = Debug;
		};
		291CB3B61C0ABF42004A1B7F /* Release */ = {
			isa = XCBuildConfiguration;
			buildSettings = {
				ALWAYS_SEARCH_USER_PATHS = NO;
				CLANG_CXX_LANGUAGE_STANDARD = "gnu++0x";
				CLANG_CXX_LIBRARY = "libc++";
				CLANG_ENABLE_MODULES = YES;
				CLANG_ENABLE_OBJC_ARC = YES;
				CLANG_WARN_BOOL_CONVERSION = YES;
				CLANG_WARN_CONSTANT_CONVERSION = YES;
				CLANG_WARN_DIRECT_OBJC_ISA_USAGE = YES_ERROR;
				CLANG_WARN_EMPTY_BODY = YES;
				CLANG_WARN_ENUM_CONVERSION = YES;
				CLANG_WARN_INT_CONVERSION = YES;
				CLANG_WARN_OBJC_ROOT_CLASS = YES_ERROR;
				CLANG_WARN_UNREACHABLE_CODE = YES;
				CLANG_WARN__DUPLICATE_METHOD_MATCH = YES;
				CODE_SIGN_IDENTITY = "-";
				COPY_PHASE_STRIP = NO;
				DEBUG_INFORMATION_FORMAT = "dwarf-with-dsym";
				ENABLE_NS_ASSERTIONS = NO;
				ENABLE_STRICT_OBJC_MSGSEND = YES;
				GCC_C_LANGUAGE_STANDARD = gnu99;
				GCC_NO_COMMON_BLOCKS = YES;
				GCC_WARN_64_TO_32_BIT_CONVERSION = YES;
				GCC_WARN_ABOUT_RETURN_TYPE = YES_ERROR;
				GCC_WARN_UNDECLARED_SELECTOR = YES;
				GCC_WARN_UNINITIALIZED_AUTOS = YES_AGGRESSIVE;
				GCC_WARN_UNUSED_FUNCTION = YES;
				GCC_WARN_UNUSED_VARIABLE = YES;
				MACOSX_DEPLOYMENT_TARGET = 10.11;
				MTL_ENABLE_DEBUG_INFO = NO;
				SDKROOT = macosx;
			};
			name = Release;
		};
		291CB3B81C0ABF42004A1B7F /* Debug */ = {
			isa = XCBuildConfiguration;
			buildSettings = {
				PRODUCT_NAME = "$(TARGET_NAME)";
			};
			name = Debug;
		};
		291CB3B91C0ABF42004A1B7F /* Release */ = {
			isa = XCBuildConfiguration;
			buildSettings = {
				PRODUCT_NAME = "$(TARGET_NAME)";
			};
			name = Release;
		};
/* End XCBuildConfiguration section */

/* Begin XCConfigurationList section */
		291CB3AB1C0ABF42004A1B7F /* Build configuration list for PBXProject "project7" */ = {
			isa = XCConfigurationList;
			buildConfigurations = (
				291CB3B51C0ABF42004A1B7F /* Debug */,
				291CB3B61C0ABF42004A1B7F /* Release */,
			);
			defaultConfigurationIsVisible = 0;
			defaultConfigurationName = Release;
		};
		291CB3B71C0ABF42004A1B7F /* Build configuration list for PBXNativeTarget "project7" */ = {
			isa = XCConfigurationList;
			buildConfigurations = (
				291CB3B81C0ABF42004A1B7F /* Debug */,
				291CB3B91C0ABF42004A1B7F /* Release */,
			);
			defaultConfigurationIsVisible = 0;
			defaultConfigurationName = Release;
		};
/* End XCConfigurationList section */
	};
	rootObject = 291CB3A81C0ABF42004A1B7F /* Project object */;
}
